
Microsoft Visual Studio Solution File, Format Version 12.00
# Visual Studio Version 16
VisualStudioVersion = 16.0.29613.14
MinimumVisualStudioVersion = 10.0.40219.1
Project("{FAE04EC0-301F-11D3-BF4B-00C04F79EFBC}") = "ColaLang2", "ColaLang2\ColaLang2.csproj", "{492B59D3-855B-4141-A0A3-D9FAFEDCF5D2}"
EndProject
Project("{FAE04EC0-301F-11D3-BF4B-00C04F79EFBC}") = "ColaCompiler", "ColaCompiler\ColaCompiler.csproj", "{2EE14343-D178-4740-95B8-48EAAC05A42B}"
EndProject
Project("{FAE04EC0-301F-11D3-BF4B-00C04F79EFBC}") = "tests", "tests\tests.csproj", "{2756DF46-5897-49B0-BD6E-EFED40D12BA2}"
EndProject
Global
	GlobalSection(SolutionConfigurationPlatforms) = preSolution
		Debug|Any CPU = Debug|Any CPU
		Release|Any CPU = Release|Any CPU
	EndGlobalSection
	GlobalSection(ProjectConfigurationPlatforms) = postSolution
		{492B59D3-855B-4141-A0A3-D9FAFEDCF5D2}.Debug|Any CPU.ActiveCfg = Debug|Any CPU
		{492B59D3-855B-4141-A0A3-D9FAFEDCF5D2}.Debug|Any CPU.Build.0 = Debug|Any CPU
		{492B59D3-855B-4141-A0A3-D9FAFEDCF5D2}.Release|Any CPU.ActiveCfg = Release|Any CPU
		{492B59D3-855B-4141-A0A3-D9FAFEDCF5D2}.Release|Any CPU.Build.0 = Release|Any CPU
		{2EE14343-D178-4740-95B8-48EAAC05A42B}.Debug|Any CPU.ActiveCfg = Debug|Any CPU
		{2EE14343-D178-4740-95B8-48EAAC05A42B}.Debug|Any CPU.Build.0 = Debug|Any CPU
		{2EE14343-D178-4740-95B8-48EAAC05A42B}.Release|Any CPU.ActiveCfg = Release|Any CPU
		{2EE14343-D178-4740-95B8-48EAAC05A42B}.Release|Any CPU.Build.0 = Release|Any CPU
		{2756DF46-5897-49B0-BD6E-EFED40D12BA2}.Debug|Any CPU.ActiveCfg = Debug|Any CPU
		{2756DF46-5897-49B0-BD6E-EFED40D12BA2}.Debug|Any CPU.Build.0 = Debug|Any CPU
		{2756DF46-5897-49B0-BD6E-EFED40D12BA2}.Release|Any CPU.ActiveCfg = Release|Any CPU
		{2756DF46-5897-49B0-BD6E-EFED40D12BA2}.Release|Any CPU.Build.0 = Release|Any CPU
	EndGlobalSection
	GlobalSection(SolutionProperties) = preSolution
		HideSolutionNode = FALSE
	EndGlobalSection
	GlobalSection(ExtensibilityGlobals) = postSolution
		SolutionGuid = {A6DA2A8E-4566-4DC9-A954-D3EA0AC701AB}
	EndGlobalSection
EndGlobal
